
Microsoft Visual Studio Solution File, Format Version 12.00
# Visual Studio 15
VisualStudioVersion = 15.0.28010.2036
MinimumVisualStudioVersion = 10.0.40219.1
Project("{8BC9CEB8-8B4A-11D0-8D11-00A0C91BC942}") = "SFML", "SFML\SFML.vcxproj", "{EBA6D571-D189-4CE1-8125-E5FE6201CFAB}"
EndProject
Global
	GlobalSection(SolutionConfigurationPlatforms) = preSolution
		Debug|x64 = Debug|x64
		Debug|x86 = Debug|x86
		Release|x64 = Release|x64
		Release|x86 = Release|x86
	EndGlobalSection
	GlobalSection(ProjectConfigurationPlatforms) = postSolution
		{EBA6D571-D189-4CE1-8125-E5FE6201CFAB}.Debug|x64.ActiveCfg = Debug|x64
		{EBA6D571-D189-4CE1-8125-E5FE6201CFAB}.Debug|x64.Build.0 = Debug|x64
		{EBA6D571-D189-4CE1-8125-E5FE6201CFAB}.Debug|x86.ActiveCfg = Debug|Win32
		{EBA6D571-D189-4CE1-8125-E5FE6201CFAB}.Debug|x86.Build.0 = Debug|Win32
		{EBA6D571-D189-4CE1-8125-E5FE6201CFAB}.Release|x64.ActiveCfg = Release|x64
		{EBA6D571-D189-4CE1-8125-E5FE6201CFAB}.Release|x64.Build.0 = Release|x64
		{EBA6D571-D189-4CE1-8125-E5FE6201CFAB}.Release|x86.ActiveCfg = Release|Win32
		{EBA6D571-D189-4CE1-8125-E5FE6201CFAB}.Release|x86.Build.0 = Release|Win32
	EndGlobalSection
	GlobalSection(SolutionProperties) = preSolution
		HideSolutionNode = FALSE
	EndGlobalSection
	GlobalSection(ExtensibilityGlobals) = postSolution
		SolutionGuid = {F20E5321-C2ED-4177-B134-D093930CB93F}
	EndGlobalSection
EndGlobal
